
Microsoft Visual Studio Solution File, Format Version 12.00
# Visual Studio Version 16
VisualStudioVersion = 16.0.33214.272
MinimumVisualStudioVersion = 10.0.40219.1
Project("{FAE04EC0-301F-11D3-BF4B-00C04F79EFBC}") = "UserManagement", "UserManagement\UserManagement.csproj", "{31A0261D-E1B5-4815-8E72-A9C83EAECAE0}"
EndProject
Global
	GlobalSection(SolutionConfigurationPlatforms) = preSolution
		Debug|Any CPU = Debug|Any CPU
		Release|Any CPU = Release|Any CPU
	EndGlobalSection
	GlobalSection(ProjectConfigurationPlatforms) = postSolution
		{31A0261D-E1B5-4815-8E72-A9C83EAECAE0}.Debug|Any CPU.ActiveCfg = Debug|Any CPU
		{31A0261D-E1B5-4815-8E72-A9C83EAECAE0}.Debug|Any CPU.Build.0 = Debug|Any CPU
		{31A0261D-E1B5-4815-8E72-A9C83EAECAE0}.Release|Any CPU.ActiveCfg = Release|Any CPU
		{31A0261D-E1B5-4815-8E72-A9C83EAECAE0}.Release|Any CPU.Build.0 = Release|Any CPU
	EndGlobalSection
	GlobalSection(SolutionProperties) = preSolution
		HideSolutionNode = FALSE
	EndGlobalSection
	GlobalSection(ExtensibilityGlobals) = postSolution
		SolutionGuid = {01775F0A-0256-49CA-B6EA-691AB8BF9521}
	EndGlobalSection
EndGlobal
